
Microsoft Visual Studio Solution File, Format Version 12.00
# Visual Studio Version 17
VisualStudioVersion = 17.9.34607.119
MinimumVisualStudioVersion = 10.0.40219.1
Project("{FAE04EC0-301F-11D3-BF4B-00C04F79EFBC}") = "GestionDeCoworking", "GestionDeCoworking\GestionDeCoworking.csproj", "{5C172177-3088-4F1A-B3C8-E9853257688B}"
EndProject
Global
	GlobalSection(SolutionConfigurationPlatforms) = preSolution
		Debug|Any CPU = Debug|Any CPU
		Release|Any CPU = Release|Any CPU
	EndGlobalSection
	GlobalSection(ProjectConfigurationPlatforms) = postSolution
		{5C172177-3088-4F1A-B3C8-E9853257688B}.Debug|Any CPU.ActiveCfg = Debug|Any CPU
		{5C172177-3088-4F1A-B3C8-E9853257688B}.Debug|Any CPU.Build.0 = Debug|Any CPU
		{5C172177-3088-4F1A-B3C8-E9853257688B}.Release|Any CPU.ActiveCfg = Release|Any CPU
		{5C172177-3088-4F1A-B3C8-E9853257688B}.Release|Any CPU.Build.0 = Release|Any CPU
	EndGlobalSection
	GlobalSection(SolutionProperties) = preSolution
		HideSolutionNode = FALSE
	EndGlobalSection
	GlobalSection(ExtensibilityGlobals) = postSolution
		SolutionGuid = {83DCBF56-ACBC-4EF7-BDBD-4A0FC333995C}
	EndGlobalSection
EndGlobal
